Microsoft Visual Studio Solution File, Format Version 12.00
# Visual Studio Version 17
Project("{FAE04EC0-301F-11D3-BF4B-00C04F79EFBC}") = "Harness.Contracts", "src\Harness.Contracts\Harness.Contracts.csproj", "{A1000001-0000-0000-0000-000000000001}"
EndProject
Project("{FAE04EC0-301F-11D3-BF4B-00C04F79EFBC}") = "Harness.Engine", "src\Harness.Engine\Harness.Engine.csproj", "{A1000001-0000-0000-0000-000000000002}"
EndProject
Project("{FAE04EC0-301F-11D3-BF4B-00C04F79EFBC}") = "Harness.Agents", "src\Harness.Agents\Harness.Agents.csproj", "{A1000001-0000-0000-0000-000000000003}"
EndProject
Project("{FAE04EC0-301F-11D3-BF4B-00C04F79EFBC}") = "Harness.Tools", "src\Harness.Tools\Harness.Tools.csproj", "{A1000001-0000-0000-0000-000000000004}"
EndProject
Project("{FAE04EC0-301F-11D3-BF4B-00C04F79EFBC}") = "Harness.Policy", "src\Harness.Policy\Harness.Policy.csproj", "{A1000001-0000-0000-0000-000000000005}"
EndProject
Project("{FAE04EC0-301F-11D3-BF4B-00C04F79EFBC}") = "Harness.Audit", "src\Harness.Audit\Harness.Audit.csproj", "{A1000001-0000-0000-0000-000000000006}"
EndProject
Project("{FAE04EC0-301F-11D3-BF4B-00C04F79EFBC}") = "Harness.Api", "src\Harness.Api\Harness.Api.csproj", "{A1000001-0000-0000-0000-000000000007}"
EndProject
Project("{FAE04EC0-301F-11D3-BF4B-00C04F79EFBC}") = "Harness.Engine.Tests", "tests\Harness.Engine.Tests\Harness.Engine.Tests.csproj", "{A1000001-0000-0000-0000-000000000008}"
EndProject
Project("{2150E333-8FDC-42A3-9474-1A3956D46DE8}") = "src", "src", "{569B220E-2213-45F8-8AC3-78D56AFC1C1D}"
EndProject
Project("{FAE04EC0-301F-11D3-BF4B-00C04F79EFBC}") = "Harness.AuditCli", "src\Harness.AuditCli\Harness.AuditCli.csproj", "{491C1A8E-55AE-4636-87B5-AD040206A4B1}"
EndProject
Project("{2150E333-8FDC-42A3-9474-1A3956D46DE8}") = "tests", "tests", "{16603CB7-F816-46AD-B23C-2D0562B70B9C}"
EndProject
Project("{FAE04EC0-301F-11D3-BF4B-00C04F79EFBC}") = "Harness.Audit.Tests", "tests\Harness.Audit.Tests\Harness.Audit.Tests.csproj", "{D39963B4-F468-4CE9-8FEB-6428B0C38E0A}"
EndProject
Project("{FAE04EC0-301F-11D3-BF4B-00C04F79EFBC}") = "Harness.Policy.Tests", "tests\Harness.Policy.Tests\Harness.Policy.Tests.csproj", "{13C199B2-D915-4268-8EC4-0CFF5422F1FE}"
EndProject
Project("{FAE04EC0-301F-11D3-BF4B-00C04F79EFBC}") = "Harness.Tools.Tests", "tests\Harness.Tools.Tests\Harness.Tools.Tests.csproj", "{2E61FD37-24D7-4AF1-881B-BC2D67DBAC79}"
EndProject
Project("{FAE04EC0-301F-11D3-BF4B-00C04F79EFBC}") = "Harness.Eval", "tests\Harness.Eval\Harness.Eval.csproj", "{314B4A68-BAC3-48D5-9CDF-213FF291F0D0}"
EndProject
Global
	GlobalSection(SolutionConfigurationPlatforms) = preSolution
		Debug|Any CPU = Debug|Any CPU
		Release|Any CPU = Release|Any CPU
	EndGlobalSection
	GlobalSection(ProjectConfigurationPlatforms) = postSolution
		{A1000001-0000-0000-0000-000000000001}.Debug|Any CPU.ActiveCfg = Debug|Any CPU
		{A1000001-0000-0000-0000-000000000001}.Debug|Any CPU.Build.0 = Debug|Any CPU
		{A1000001-0000-0000-0000-000000000001}.Release|Any CPU.ActiveCfg = Release|Any CPU
		{A1000001-0000-0000-0000-000000000001}.Release|Any CPU.Build.0 = Release|Any CPU
		{A1000001-0000-0000-0000-000000000002}.Debug|Any CPU.ActiveCfg = Debug|Any CPU
		{A1000001-0000-0000-0000-000000000002}.Debug|Any CPU.Build.0 = Debug|Any CPU
		{A1000001-0000-0000-0000-000000000002}.Release|Any CPU.ActiveCfg = Release|Any CPU
		{A1000001-0000-0000-0000-000000000002}.Release|Any CPU.Build.0 = Release|Any CPU
		{A1000001-0000-0000-0000-000000000003}.Debug|Any CPU.ActiveCfg = Debug|Any CPU
		{A1000001-0000-0000-0000-000000000003}.Debug|Any CPU.Build.0 = Debug|Any CPU
		{A1000001-0000-0000-0000-000000000003}.Release|Any CPU.ActiveCfg = Release|Any CPU
		{A1000001-0000-0000-0000-000000000003}.Release|Any CPU.Build.0 = Release|Any CPU
		{A1000001-0000-0000-0000-000000000004}.Debug|Any CPU.ActiveCfg = Debug|Any CPU
		{A1000001-0000-0000-0000-000000000004}.Debug|Any CPU.Build.0 = Debug|Any CPU
		{A1000001-0000-0000-0000-000000000004}.Release|Any CPU.ActiveCfg = Release|Any CPU
		{A1000001-0000-0000-0000-000000000004}.Release|Any CPU.Build.0 = Release|Any CPU
		{A1000001-0000-0000-0000-000000000005}.Debug|Any CPU.ActiveCfg = Debug|Any CPU
		{A1000001-0000-0000-0000-000000000005}.Debug|Any CPU.Build.0 = Debug|Any CPU
		{A1000001-0000-0000-0000-000000000005}.Release|Any CPU.ActiveCfg = Release|Any CPU
		{A1000001-0000-0000-0000-000000000005}.Release|Any CPU.Build.0 = Release|Any CPU
		{A1000001-0000-0000-0000-000000000006}.Debug|Any CPU.ActiveCfg = Debug|Any CPU
		{A1000001-0000-0000-0000-000000000006}.Debug|Any CPU.Build.0 = Debug|Any CPU
		{A1000001-0000-0000-0000-000000000006}.Release|Any CPU.ActiveCfg = Release|Any CPU
		{A1000001-0000-0000-0000-000000000006}.Release|Any CPU.Build.0 = Release|Any CPU
		{A1000001-0000-0000-0000-000000000007}.Debug|Any CPU.ActiveCfg = Debug|Any CPU
		{A1000001-0000-0000-0000-000000000007}.Debug|Any CPU.Build.0 = Debug|Any CPU
		{A1000001-0000-0000-0000-000000000007}.Release|Any CPU.ActiveCfg = Release|Any CPU
		{A1000001-0000-0000-0000-000000000007}.Release|Any CPU.Build.0 = Release|Any CPU
		{A1000001-0000-0000-0000-000000000008}.Debug|Any CPU.ActiveCfg = Debug|Any CPU
		{A1000001-0000-0000-0000-000000000008}.Debug|Any CPU.Build.0 = Debug|Any CPU
		{A1000001-0000-0000-0000-000000000008}.Release|Any CPU.ActiveCfg = Release|Any CPU
		{A1000001-0000-0000-0000-000000000008}.Release|Any CPU.Build.0 = Release|Any CPU
		{491C1A8E-55AE-4636-87B5-AD040206A4B1}.Debug|Any CPU.ActiveCfg = Debug|Any CPU
		{491C1A8E-55AE-4636-87B5-AD040206A4B1}.Debug|Any CPU.Build.0 = Debug|Any CPU
		{491C1A8E-55AE-4636-87B5-AD040206A4B1}.Release|Any CPU.ActiveCfg = Release|Any CPU
		{491C1A8E-55AE-4636-87B5-AD040206A4B1}.Release|Any CPU.Build.0 = Release|Any CPU
		{D39963B4-F468-4CE9-8FEB-6428B0C38E0A}.Debug|Any CPU.ActiveCfg = Debug|Any CPU
		{D39963B4-F468-4CE9-8FEB-6428B0C38E0A}.Debug|Any CPU.Build.0 = Debug|Any CPU
		{D39963B4-F468-4CE9-8FEB-6428B0C38E0A}.Release|Any CPU.ActiveCfg = Release|Any CPU
		{D39963B4-F468-4CE9-8FEB-6428B0C38E0A}.Release|Any CPU.Build.0 = Release|Any CPU
		{13C199B2-D915-4268-8EC4-0CFF5422F1FE}.Debug|Any CPU.ActiveCfg = Debug|Any CPU
		{13C199B2-D915-4268-8EC4-0CFF5422F1FE}.Debug|Any CPU.Build.0 = Debug|Any CPU
		{13C199B2-D915-4268-8EC4-0CFF5422F1FE}.Release|Any CPU.ActiveCfg = Release|Any CPU
		{13C199B2-D915-4268-8EC4-0CFF5422F1FE}.Release|Any CPU.Build.0 = Release|Any CPU
		{2E61FD37-24D7-4AF1-881B-BC2D67DBAC79}.Debug|Any CPU.ActiveCfg = Debug|Any CPU
		{2E61FD37-24D7-4AF1-881B-BC2D67DBAC79}.Debug|Any CPU.Build.0 = Debug|Any CPU
		{2E61FD37-24D7-4AF1-881B-BC2D67DBAC79}.Release|Any CPU.ActiveCfg = Release|Any CPU
		{2E61FD37-24D7-4AF1-881B-BC2D67DBAC79}.Release|Any CPU.Build.0 = Release|Any CPU
		{314B4A68-BAC3-48D5-9CDF-213FF291F0D0}.Debug|Any CPU.ActiveCfg = Debug|Any CPU
		{314B4A68-BAC3-48D5-9CDF-213FF291F0D0}.Debug|Any CPU.Build.0 = Debug|Any CPU
		{314B4A68-BAC3-48D5-9CDF-213FF291F0D0}.Release|Any CPU.ActiveCfg = Release|Any CPU
		{314B4A68-BAC3-48D5-9CDF-213FF291F0D0}.Release|Any CPU.Build.0 = Release|Any CPU
	EndGlobalSection
	GlobalSection(NestedProjects) = preSolution
		{491C1A8E-55AE-4636-87B5-AD040206A4B1} = {569B220E-2213-45F8-8AC3-78D56AFC1C1D}
		{D39963B4-F468-4CE9-8FEB-6428B0C38E0A} = {16603CB7-F816-46AD-B23C-2D0562B70B9C}
		{13C199B2-D915-4268-8EC4-0CFF5422F1FE} = {16603CB7-F816-46AD-B23C-2D0562B70B9C}
		{2E61FD37-24D7-4AF1-881B-BC2D67DBAC79} = {16603CB7-F816-46AD-B23C-2D0562B70B9C}
		{314B4A68-BAC3-48D5-9CDF-213FF291F0D0} = {16603CB7-F816-46AD-B23C-2D0562B70B9C}
	EndGlobalSection
EndGlobal
